// !$*UTF8*$!
{
	archiveVersion = 1;
	classes = {
	};
	objectVersion = 46;
	objects = {

/* Begin PBXBuildFile section */
		79AA94371A9CFA29002C6177 /* VolunteerSignUpTableViewController.m in Sources */ = {isa = PBXBuildFile; fileRef = 79AA94361A9CFA29002C6177 /* VolunteerSignUpTableViewController.m */; };
		79AA943A1A9CFFAF002C6177 /* OrganizationSignUpTableViewController.m in Sources */ = {isa = PBXBuildFile; fileRef = 79AA94391A9CFFAF002C6177 /* OrganizationSignUpTableViewController.m */; };
		9C3FBC041A9CEDAE006250E3 /* VolunCode.xcdatamodel in Sources */ = {isa = PBXBuildFile; fileRef = 9C3FBC031A9CEDAE006250E3 /* VolunCode.xcdatamodel */; };
		9C9525761A9C432500FF9174 /* OrganizationProfileViewController.m in Sources */ = {isa = PBXBuildFile; fileRef = 9C9525751A9C432500FF9174 /* OrganizationProfileViewController.m */; };
		9C9525791A9C439100FF9174 /* MMPickerView.m in Sources */ = {isa = PBXBuildFile; fileRef = 9C9525781A9C439100FF9174 /* MMPickerView.m */; };
		9C95257B1A9C4E2800FF9174 /* UIKit.framework in Frameworks */ = {isa = PBXBuildFile; fileRef = 9C95257A1A9C4E2800FF9174 /* UIKit.framework */; };
		9C95257D1A9C4E3200FF9174 /* Foundation.framework in Frameworks */ = {isa = PBXBuildFile; fileRef = 9C95257C1A9C4E3200FF9174 /* Foundation.framework */; };
		9C95257F1A9C4E3C00FF9174 /* CoreGraphics.framework in Frameworks */ = {isa = PBXBuildFile; fileRef = 9C95257E1A9C4E3C00FF9174 /* CoreGraphics.framework */; };
		AB28B0051A9D165F00D86AF6 /* seed.json in Resources */ = {isa = PBXBuildFile; fileRef = AB28B0041A9D165F00D86AF6 /* seed.json */; };
		AB28B0081A9D1C4900D86AF6 /* Organization.m in Sources */ = {isa = PBXBuildFile; fileRef = AB28B0071A9D1C4900D86AF6 /* Organization.m */; };
		AB28B00B1A9D1C4900D86AF6 /* Login.m in Sources */ = {isa = PBXBuildFile; fileRef = AB28B00A1A9D1C4900D86AF6 /* Login.m */; };
		AB28B00E1A9D1F6C00D86AF6 /* FetchService.m in Sources */ = {isa = PBXBuildFile; fileRef = AB28B00D1A9D1F6C00D86AF6 /* FetchService.m */; };
		AB28B0101A9D266D00D86AF6 /* testSeed.json in Resources */ = {isa = PBXBuildFile; fileRef = AB28B00F1A9D266D00D86AF6 /* testSeed.json */; };
		AB3CC85E1A9BDDB4005DFDA7 /* main.m in Sources */ = {isa = PBXBuildFile; fileRef = AB3CC85D1A9BDDB4005DFDA7 /* main.m */; };
		AB3CC8611A9BDDB4005DFDA7 /* AppDelegate.m in Sources */ = {isa = PBXBuildFile; fileRef = AB3CC8601A9BDDB4005DFDA7 /* AppDelegate.m */; };
		AB3CC8671A9BDDB4005DFDA7 /* LoginViewController.m in Sources */ = {isa = PBXBuildFile; fileRef = AB3CC8661A9BDDB4005DFDA7 /* LoginViewController.m */; };
		AB3CC86C1A9BDDB4005DFDA7 /* Images.xcassets in Resources */ = {isa = PBXBuildFile; fileRef = AB3CC86B1A9BDDB4005DFDA7 /* Images.xcassets */; };
		AB3CC86F1A9BDDB4005DFDA7 /* LaunchScreen.xib in Resources */ = {isa = PBXBuildFile; fileRef = AB3CC86D1A9BDDB4005DFDA7 /* LaunchScreen.xib */; };
		AB3CC87B1A9BDDB4005DFDA7 /* VolunCodeTests.m in Sources */ = {isa = PBXBuildFile; fileRef = AB3CC87A1A9BDDB4005DFDA7 /* VolunCodeTests.m */; };
		AB3CC8871A9BDF52005DFDA7 /* Main.storyboard in Resources */ = {isa = PBXBuildFile; fileRef = AB3CC8861A9BDF52005DFDA7 /* Main.storyboard */; };
		AB3CC88A1A9BE036005DFDA7 /* UserProfileViewController.m in Sources */ = {isa = PBXBuildFile; fileRef = AB3CC8891A9BE036005DFDA7 /* UserProfileViewController.m */; };
		AB3CC88D1A9BE097005DFDA7 /* UserDetailViewController.m in Sources */ = {isa = PBXBuildFile; fileRef = AB3CC88C1A9BE097005DFDA7 /* UserDetailViewController.m */; };
		AB464D691A9C23B10006075B /* CausesViewController.m in Sources */ = {isa = PBXBuildFile; fileRef = AB464D681A9C23B10006075B /* CausesViewController.m */; };
		AB464D6C1A9C23D00006075B /* SkillsViewController.m in Sources */ = {isa = PBXBuildFile; fileRef = AB464D6B1A9C23D00006075B /* SkillsViewController.m */; };
		AB464D6F1A9C23E30006075B /* EventsViewController.m in Sources */ = {isa = PBXBuildFile; fileRef = AB464D6E1A9C23E30006075B /* EventsViewController.m */; };
		AB6FF9C41A9CFCF20044E442 /* VolunCode.xcdatamodel in Sources */ = {isa = PBXBuildFile; fileRef = AB6FF9C31A9CFCF20044E442 /* VolunCode.xcdatamodel */; };
		AB6FF9C71A9CFD4A0044E442 /* VolunteerProject.m in Sources */ = {isa = PBXBuildFile; fileRef = AB6FF9C61A9CFD4A0044E442 /* VolunteerProject.m */; };
		AB6FF9CD1A9CFD4B0044E442 /* Volunteer.m in Sources */ = {isa = PBXBuildFile; fileRef = AB6FF9CC1A9CFD4B0044E442 /* Volunteer.m */; };
		AB6FF9D01A9CFD4B0044E442 /* Cause.m in Sources */ = {isa = PBXBuildFile; fileRef = AB6FF9CF1A9CFD4B0044E442 /* Cause.m */; };
		AB6FF9D31A9CFD4B0044E442 /* Event.m in Sources */ = {isa = PBXBuildFile; fileRef = AB6FF9D21A9CFD4B0044E442 /* Event.m */; };
		AB6FF9D91A9CFD4B0044E442 /* Skill.m in Sources */ = {isa = PBXBuildFile; fileRef = AB6FF9D81A9CFD4B0044E442 /* Skill.m */; };
		AB6FF9DC1A9CFD4B0044E442 /* Messenge.m in Sources */ = {isa = PBXBuildFile; fileRef = AB6FF9DB1A9CFD4B0044E442 /* Messenge.m */; };
		AB6FF9E51A9D039C0044E442 /* CoreDataStack.m in Sources */ = {isa = PBXBuildFile; fileRef = AB6FF9E41A9D039C0044E442 /* CoreDataStack.m */; };
/* End PBXBuildFile section */

/* Begin PBXContainerItemProxy section */
		AB3CC8751A9BDDB4005DFDA7 /* PBXContainerItemProxy */ = {
			isa = PBXContainerItemProxy;
			containerPortal = AB3CC8501A9BDDB4005DFDA7 /* Project object */;
			proxyType = 1;
			remoteGlobalIDString = AB3CC8571A9BDDB4005DFDA7;
			remoteInfo = VolunCode;
		};
/* End PBXContainerItemProxy section */

/* Begin PBXFileReference section */
		79AA94351A9CFA29002C6177 /* VolunteerSignUpTableViewController.h */ = {isa = PBXFileReference; fileEncoding = 4; lastKnownFileType = sourcecode.c.h; path = VolunteerSignUpTableViewController.h; sourceTree = "<group>"; };
		79AA94361A9CFA29002C6177 /* VolunteerSignUpTableViewController.m */ = {isa = PBXFileReference; fileEncoding = 4; lastKnownFileType = sourcecode.c.objc; path = VolunteerSignUpTableViewController.m; sourceTree = "<group>"; };
		79AA94381A9CFFAF002C6177 /* OrganizationSignUpTableViewController.h */ = {isa = PBXFileReference; fileEncoding = 4; lastKnownFileType = sourcecode.c.h; path = OrganizationSignUpTableViewController.h; sourceTree = "<group>"; };
		79AA94391A9CFFAF002C6177 /* OrganizationSignUpTableViewController.m */ = {isa = PBXFileReference; fileEncoding = 4; lastKnownFileType = sourcecode.c.objc; path = OrganizationSignUpTableViewController.m; sourceTree = "<group>"; };
		79AA943B1A9D231C002C6177 /* MobileCoreServices.framework */ = {isa = PBXFileReference; lastKnownFileType = wrapper.framework; name = MobileCoreServices.framework; path = System/Library/Frameworks/MobileCoreServices.framework; sourceTree = SDKROOT; };
		9C3FBC031A9CEDAE006250E3 /* VolunCode.xcdatamodel */ = {isa = PBXFileReference; lastKnownFileType = wrapper.xcdatamodel; path = VolunCode.xcdatamodel; sourceTree = "<group>"; };
		9C9525741A9C432500FF9174 /* OrganizationProfileViewController.h */ = {isa = PBXFileReference; fileEncoding = 4; lastKnownFileType = sourcecode.c.h; path = OrganizationProfileViewController.h; sourceTree = "<group>"; };
		9C9525751A9C432500FF9174 /* OrganizationProfileViewController.m */ = {isa = PBXFileReference; fileEncoding = 4; lastKnownFileType = sourcecode.c.objc; path = OrganizationProfileViewController.m; sourceTree = "<group>"; };
		9C9525771A9C439100FF9174 /* MMPickerView.h */ = {isa = PBXFileReference; fileEncoding = 4; lastKnownFileType = sourcecode.c.h; path = MMPickerView.h; sourceTree = "<group>"; };
		9C9525781A9C439100FF9174 /* MMPickerView.m */ = {isa = PBXFileReference; fileEncoding = 4; lastKnownFileType = sourcecode.c.objc; path = MMPickerView.m; sourceTree = "<group>"; };
		9C95257A1A9C4E2800FF9174 /* UIKit.framework */ = {isa = PBXFileReference; lastKnownFileType = wrapper.framework; name = UIKit.framework; path = System/Library/Frameworks/UIKit.framework; sourceTree = SDKROOT; };
		9C95257C1A9C4E3200FF9174 /* Foundation.framework */ = {isa = PBXFileReference; lastKnownFileType = wrapper.framework; name = Foundation.framework; path = System/Library/Frameworks/Foundation.framework; sourceTree = SDKROOT; };
		9C95257E1A9C4E3C00FF9174 /* CoreGraphics.framework */ = {isa = PBXFileReference; lastKnownFileType = wrapper.framework; name = CoreGraphics.framework; path = System/Library/Frameworks/CoreGraphics.framework; sourceTree = SDKROOT; };
		AB28B0041A9D165F00D86AF6 /* seed.json */ = {isa = PBXFileReference; fileEncoding = 4; lastKnownFileType = text.json; path = seed.json; sourceTree = "<group>"; };
		AB28B0061A9D1C4900D86AF6 /* Organization.h */ = {isa = PBXFileReference; fileEncoding = 4; lastKnownFileType = sourcecode.c.h; path = Organization.h; sourceTree = "<group>"; };
		AB28B0071A9D1C4900D86AF6 /* Organization.m */ = {isa = PBXFileReference; fileEncoding = 4; lastKnownFileType = sourcecode.c.objc; path = Organization.m; sourceTree = "<group>"; };
		AB28B0091A9D1C4900D86AF6 /* Login.h */ = {isa = PBXFileReference; fileEncoding = 4; lastKnownFileType = sourcecode.c.h; path = Login.h; sourceTree = "<group>"; };
		AB28B00A1A9D1C4900D86AF6 /* Login.m */ = {isa = PBXFileReference; fileEncoding = 4; lastKnownFileType = sourcecode.c.objc; path = Login.m; sourceTree = "<group>"; };
		AB28B00C1A9D1F6C00D86AF6 /* FetchService.h */ = {isa = PBXFileReference; fileEncoding = 4; lastKnownFileType = sourcecode.c.h; path = FetchService.h; sourceTree = "<group>"; };
		AB28B00D1A9D1F6C00D86AF6 /* FetchService.m */ = {isa = PBXFileReference; fileEncoding = 4; lastKnownFileType = sourcecode.c.objc; path = FetchService.m; sourceTree = "<group>"; };
		AB28B00F1A9D266D00D86AF6 /* testSeed.json */ = {isa = PBXFileReference; fileEncoding = 4; lastKnownFileType = text.json; path = testSeed.json; sourceTree = "<group>"; };
		AB3CC8581A9BDDB4005DFDA7 /* VolunCode.app */ = {isa = PBXFileReference; explicitFileType = wrapper.application; includeInIndex = 0; path = VolunCode.app; sourceTree = BUILT_PRODUCTS_DIR; };
		AB3CC85C1A9BDDB4005DFDA7 /* Info.plist */ = {isa = PBXFileReference; lastKnownFileType = text.plist.xml; path = Info.plist; sourceTree = "<group>"; };
		AB3CC85D1A9BDDB4005DFDA7 /* main.m */ = {isa = PBXFileReference; lastKnownFileType = sourcecode.c.objc; path = main.m; sourceTree = "<group>"; };
		AB3CC85F1A9BDDB4005DFDA7 /* AppDelegate.h */ = {isa = PBXFileReference; lastKnownFileType = sourcecode.c.h; path = AppDelegate.h; sourceTree = "<group>"; };
		AB3CC8601A9BDDB4005DFDA7 /* AppDelegate.m */ = {isa = PBXFileReference; lastKnownFileType = sourcecode.c.objc; path = AppDelegate.m; sourceTree = "<group>"; };
		AB3CC8651A9BDDB4005DFDA7 /* LoginViewController.h */ = {isa = PBXFileReference; lastKnownFileType = sourcecode.c.h; path = LoginViewController.h; sourceTree = "<group>"; };
		AB3CC8661A9BDDB4005DFDA7 /* LoginViewController.m */ = {isa = PBXFileReference; lastKnownFileType = sourcecode.c.objc; path = LoginViewController.m; sourceTree = "<group>"; };
		AB3CC86B1A9BDDB4005DFDA7 /* Images.xcassets */ = {isa = PBXFileReference; lastKnownFileType = folder.assetcatalog; path = Images.xcassets; sourceTree = "<group>"; };
		AB3CC86E1A9BDDB4005DFDA7 /* Base */ = {isa = PBXFileReference; lastKnownFileType = file.xib; name = Base; path = Base.lproj/LaunchScreen.xib; sourceTree = "<group>"; };
		AB3CC8741A9BDDB4005DFDA7 /* VolunCodeTests.xctest */ = {isa = PBXFileReference; explicitFileType = wrapper.cfbundle; includeInIndex = 0; path = VolunCodeTests.xctest; sourceTree = BUILT_PRODUCTS_DIR; };
		AB3CC8791A9BDDB4005DFDA7 /* Info.plist */ = {isa = PBXFileReference; lastKnownFileType = text.plist.xml; path = Info.plist; sourceTree = "<group>"; };
		AB3CC87A1A9BDDB4005DFDA7 /* VolunCodeTests.m */ = {isa = PBXFileReference; lastKnownFileType = sourcecode.c.objc; path = VolunCodeTests.m; sourceTree = "<group>"; };
		AB3CC8861A9BDF52005DFDA7 /* Main.storyboard */ = {isa = PBXFileReference; fileEncoding = 4; lastKnownFileType = file.storyboard; path = Main.storyboard; sourceTree = "<group>"; };
		AB3CC8881A9BE036005DFDA7 /* UserProfileViewController.h */ = {isa = PBXFileReference; fileEncoding = 4; lastKnownFileType = sourcecode.c.h; path = UserProfileViewController.h; sourceTree = "<group>"; };
		AB3CC8891A9BE036005DFDA7 /* UserProfileViewController.m */ = {isa = PBXFileReference; fileEncoding = 4; lastKnownFileType = sourcecode.c.objc; path = UserProfileViewController.m; sourceTree = "<group>"; };
		AB3CC88B1A9BE097005DFDA7 /* UserDetailViewController.h */ = {isa = PBXFileReference; fileEncoding = 4; lastKnownFileType = sourcecode.c.h; path = UserDetailViewController.h; sourceTree = "<group>"; };
		AB3CC88C1A9BE097005DFDA7 /* UserDetailViewController.m */ = {isa = PBXFileReference; fileEncoding = 4; lastKnownFileType = sourcecode.c.objc; path = UserDetailViewController.m; sourceTree = "<group>"; };
		AB464D671A9C23B10006075B /* CausesViewController.h */ = {isa = PBXFileReference; fileEncoding = 4; lastKnownFileType = sourcecode.c.h; path = CausesViewController.h; sourceTree = "<group>"; };
		AB464D681A9C23B10006075B /* CausesViewController.m */ = {isa = PBXFileReference; fileEncoding = 4; lastKnownFileType = sourcecode.c.objc; path = CausesViewController.m; sourceTree = "<group>"; };
		AB464D6A1A9C23D00006075B /* SkillsViewController.h */ = {isa = PBXFileReference; fileEncoding = 4; lastKnownFileType = sourcecode.c.h; path = SkillsViewController.h; sourceTree = "<group>"; };
		AB464D6B1A9C23D00006075B /* SkillsViewController.m */ = {isa = PBXFileReference; fileEncoding = 4; lastKnownFileType = sourcecode.c.objc; path = SkillsViewController.m; sourceTree = "<group>"; };
		AB464D6D1A9C23E30006075B /* EventsViewController.h */ = {isa = PBXFileReference; fileEncoding = 4; lastKnownFileType = sourcecode.c.h; path = EventsViewController.h; sourceTree = "<group>"; };
		AB464D6E1A9C23E30006075B /* EventsViewController.m */ = {isa = PBXFileReference; fileEncoding = 4; lastKnownFileType = sourcecode.c.objc; path = EventsViewController.m; sourceTree = "<group>"; };
		AB6FF9C31A9CFCF20044E442 /* VolunCode.xcdatamodel */ = {isa = PBXFileReference; lastKnownFileType = wrapper.xcdatamodel; path = VolunCode.xcdatamodel; sourceTree = SOURCE_ROOT; };
		AB6FF9C51A9CFD4A0044E442 /* VolunteerProject.h */ = {isa = PBXFileReference; fileEncoding = 4; lastKnownFileType = sourcecode.c.h; path = VolunteerProject.h; sourceTree = "<group>"; };
		AB6FF9C61A9CFD4A0044E442 /* VolunteerProject.m */ = {isa = PBXFileReference; fileEncoding = 4; lastKnownFileType = sourcecode.c.objc; path = VolunteerProject.m; sourceTree = "<group>"; };
		AB6FF9CB1A9CFD4B0044E442 /* Volunteer.h */ = {isa = PBXFileReference; fileEncoding = 4; lastKnownFileType = sourcecode.c.h; path = Volunteer.h; sourceTree = "<group>"; };
		AB6FF9CC1A9CFD4B0044E442 /* Volunteer.m */ = {isa = PBXFileReference; fileEncoding = 4; lastKnownFileType = sourcecode.c.objc; path = Volunteer.m; sourceTree = "<group>"; };
		AB6FF9CE1A9CFD4B0044E442 /* Cause.h */ = {isa = PBXFileReference; fileEncoding = 4; lastKnownFileType = sourcecode.c.h; path = Cause.h; sourceTree = "<group>"; };
		AB6FF9CF1A9CFD4B0044E442 /* Cause.m */ = {isa = PBXFileReference; fileEncoding = 4; lastKnownFileType = sourcecode.c.objc; path = Cause.m; sourceTree = "<group>"; };
		AB6FF9D11A9CFD4B0044E442 /* Event.h */ = {isa = PBXFileReference; fileEncoding = 4; lastKnownFileType = sourcecode.c.h; path = Event.h; sourceTree = "<group>"; };
		AB6FF9D21A9CFD4B0044E442 /* Event.m */ = {isa = PBXFileReference; fileEncoding = 4; lastKnownFileType = sourcecode.c.objc; path = Event.m; sourceTree = "<group>"; };
		AB6FF9D71A9CFD4B0044E442 /* Skill.h */ = {isa = PBXFileReference; fileEncoding = 4; lastKnownFileType = sourcecode.c.h; path = Skill.h; sourceTree = "<group>"; };
		AB6FF9D81A9CFD4B0044E442 /* Skill.m */ = {isa = PBXFileReference; fileEncoding = 4; lastKnownFileType = sourcecode.c.objc; path = Skill.m; sourceTree = "<group>"; };
		AB6FF9DA1A9CFD4B0044E442 /* Messenge.h */ = {isa = PBXFileReference; fileEncoding = 4; lastKnownFileType = sourcecode.c.h; path = Messenge.h; sourceTree = "<group>"; };
		AB6FF9DB1A9CFD4B0044E442 /* Messenge.m */ = {isa = PBXFileReference; fileEncoding = 4; lastKnownFileType = sourcecode.c.objc; path = Messenge.m; sourceTree = "<group>"; };
		AB6FF9E31A9D039C0044E442 /* CoreDataStack.h */ = {isa = PBXFileReference; fileEncoding = 4; lastKnownFileType = sourcecode.c.h; path = CoreDataStack.h; sourceTree = "<group>"; };
		AB6FF9E41A9D039C0044E442 /* CoreDataStack.m */ = {isa = PBXFileReference; fileEncoding = 4; lastKnownFileType = sourcecode.c.objc; path = CoreDataStack.m; sourceTree = "<group>"; };
/* End PBXFileReference section */

/* Begin PBXFrameworksBuildPhase section */
		AB3CC8551A9BDDB4005DFDA7 /* Frameworks */ = {
			isa = PBXFrameworksBuildPhase;
			buildActionMask = 2147483647;
			files = (
				9C95257F1A9C4E3C00FF9174 /* CoreGraphics.framework in Frameworks */,
				9C95257D1A9C4E3200FF9174 /* Foundation.framework in Frameworks */,
				9C95257B1A9C4E2800FF9174 /* UIKit.framework in Frameworks */,
			);
			runOnlyForDeploymentPostprocessing = 0;
		};
		AB3CC8711A9BDDB4005DFDA7 /* Frameworks */ = {
			isa = PBXFrameworksBuildPhase;
			buildActionMask = 2147483647;
			files = (
			);
			runOnlyForDeploymentPostprocessing = 0;
		};
/* End PBXFrameworksBuildPhase section */

/* Begin PBXGroup section */
		AB3CC84F1A9BDDB4005DFDA7 = {
			isa = PBXGroup;
			children = (
				79AA943B1A9D231C002C6177 /* MobileCoreServices.framework */,
				9C95257E1A9C4E3C00FF9174 /* CoreGraphics.framework */,
				9C95257C1A9C4E3200FF9174 /* Foundation.framework */,
				9C95257A1A9C4E2800FF9174 /* UIKit.framework */,
				AB3CC85A1A9BDDB4005DFDA7 /* VolunCode */,
				AB3CC8771A9BDDB4005DFDA7 /* VolunCodeTests */,
				AB3CC8591A9BDDB4005DFDA7 /* Products */,
			);
			sourceTree = "<group>";
		};
		AB3CC8591A9BDDB4005DFDA7 /* Products */ = {
			isa = PBXGroup;
			children = (
				AB3CC8581A9BDDB4005DFDA7 /* VolunCode.app */,
				AB3CC8741A9BDDB4005DFDA7 /* VolunCodeTests.xctest */,
			);
			name = Products;
			sourceTree = "<group>";
		};
		AB3CC85A1A9BDDB4005DFDA7 /* VolunCode */ = {
			isa = PBXGroup;
			children = (
				AB3CC85F1A9BDDB4005DFDA7 /* AppDelegate.h */,
				AB3CC8601A9BDDB4005DFDA7 /* AppDelegate.m */,
				AB28B0041A9D165F00D86AF6 /* seed.json */,
				AB28B00F1A9D266D00D86AF6 /* testSeed.json */,
				AB6FF9C21A9CFC7D0044E442 /* Model */,
				AB3CC8841A9BDDF8005DFDA7 /* Controller */,
				AB3CC8851A9BDE0C005DFDA7 /* View */,
				AB3CC85B1A9BDDB4005DFDA7 /* Supporting Files */,
			);
			path = VolunCode;
			sourceTree = "<group>";
		};
		AB3CC85B1A9BDDB4005DFDA7 /* Supporting Files */ = {
			isa = PBXGroup;
			children = (
				AB3CC85C1A9BDDB4005DFDA7 /* Info.plist */,
				AB3CC85D1A9BDDB4005DFDA7 /* main.m */,
			);
			name = "Supporting Files";
			sourceTree = "<group>";
		};
		AB3CC8771A9BDDB4005DFDA7 /* VolunCodeTests */ = {
			isa = PBXGroup;
			children = (
				AB3CC87A1A9BDDB4005DFDA7 /* VolunCodeTests.m */,
				AB3CC8781A9BDDB4005DFDA7 /* Supporting Files */,
			);
			path = VolunCodeTests;
			sourceTree = "<group>";
		};
		AB3CC8781A9BDDB4005DFDA7 /* Supporting Files */ = {
			isa = PBXGroup;
			children = (
				AB3CC8791A9BDDB4005DFDA7 /* Info.plist */,
			);
			name = "Supporting Files";
			sourceTree = "<group>";
		};
		AB3CC8841A9BDDF8005DFDA7 /* Controller */ = {
			isa = PBXGroup;
			children = (
				AB3CC8651A9BDDB4005DFDA7 /* LoginViewController.h */,
				AB3CC8661A9BDDB4005DFDA7 /* LoginViewController.m */,
				AB3CC8881A9BE036005DFDA7 /* UserProfileViewController.h */,
				AB3CC8891A9BE036005DFDA7 /* UserProfileViewController.m */,
				79AA94351A9CFA29002C6177 /* VolunteerSignUpTableViewController.h */,
				79AA94361A9CFA29002C6177 /* VolunteerSignUpTableViewController.m */,
				79AA94381A9CFFAF002C6177 /* OrganizationSignUpTableViewController.h */,
				79AA94391A9CFFAF002C6177 /* OrganizationSignUpTableViewController.m */,
				AB3CC88B1A9BE097005DFDA7 /* UserDetailViewController.h */,
				AB3CC88C1A9BE097005DFDA7 /* UserDetailViewController.m */,
				AB464D671A9C23B10006075B /* CausesViewController.h */,
				AB464D681A9C23B10006075B /* CausesViewController.m */,
				9C9525741A9C432500FF9174 /* OrganizationProfileViewController.h */,
				9C9525751A9C432500FF9174 /* OrganizationProfileViewController.m */,
				AB464D6A1A9C23D00006075B /* SkillsViewController.h */,
				AB464D6B1A9C23D00006075B /* SkillsViewController.m */,
				AB464D6D1A9C23E30006075B /* EventsViewController.h */,
				AB464D6E1A9C23E30006075B /* EventsViewController.m */,
			);
			name = Controller;
			sourceTree = "<group>";
		};
		AB3CC8851A9BDE0C005DFDA7 /* View */ = {
			isa = PBXGroup;
			children = (
				AB3CC8861A9BDF52005DFDA7 /* Main.storyboard */,
				AB3CC86B1A9BDDB4005DFDA7 /* Images.xcassets */,
				AB3CC86D1A9BDDB4005DFDA7 /* LaunchScreen.xib */,
				9C9525771A9C439100FF9174 /* MMPickerView.h */,
				9C9525781A9C439100FF9174 /* MMPickerView.m */,
			);
			name = View;
			sourceTree = "<group>";
		};
		AB6FF9C21A9CFC7D0044E442 /* Model */ = {
			isa = PBXGroup;
			children = (
				AB6FF9C31A9CFCF20044E442 /* VolunCode.xcdatamodel */,
				AB6FF9E31A9D039C0044E442 /* CoreDataStack.h */,
				AB6FF9E41A9D039C0044E442 /* CoreDataStack.m */,
				AB28B00C1A9D1F6C00D86AF6 /* FetchService.h */,
				AB28B00D1A9D1F6C00D86AF6 /* FetchService.m */,
				AB28B0091A9D1C4900D86AF6 /* Login.h */,
				AB28B00A1A9D1C4900D86AF6 /* Login.m */,
				AB28B0061A9D1C4900D86AF6 /* Organization.h */,
				AB28B0071A9D1C4900D86AF6 /* Organization.m */,
				AB6FF9DA1A9CFD4B0044E442 /* Messenge.h */,
				AB6FF9DB1A9CFD4B0044E442 /* Messenge.m */,
				AB6FF9D71A9CFD4B0044E442 /* Skill.h */,
				AB6FF9D81A9CFD4B0044E442 /* Skill.m */,
				AB6FF9D11A9CFD4B0044E442 /* Event.h */,
				AB6FF9D21A9CFD4B0044E442 /* Event.m */,
				AB6FF9CE1A9CFD4B0044E442 /* Cause.h */,
				AB6FF9CF1A9CFD4B0044E442 /* Cause.m */,
				AB6FF9CB1A9CFD4B0044E442 /* Volunteer.h */,
				AB6FF9CC1A9CFD4B0044E442 /* Volunteer.m */,
				AB6FF9C51A9CFD4A0044E442 /* VolunteerProject.h */,
				AB6FF9C61A9CFD4A0044E442 /* VolunteerProject.m */,
			);
			name = Model;
			sourceTree = "<group>";
		};
/* End PBXGroup section */

/* Begin PBXNativeTarget section */
		AB3CC8571A9BDDB4005DFDA7 /* VolunCode */ = {
			isa = PBXNativeTarget;
			buildConfigurationList = AB3CC87E1A9BDDB4005DFDA7 /* Build configuration list for PBXNativeTarget "VolunCode" */;
			buildPhases = (
				AB3CC8541A9BDDB4005DFDA7 /* Sources */,
				AB3CC8551A9BDDB4005DFDA7 /* Frameworks */,
				AB3CC8561A9BDDB4005DFDA7 /* Resources */,
			);
			buildRules = (
			);
			dependencies = (
			);
			name = VolunCode;
			productName = VolunCode;
			productReference = AB3CC8581A9BDDB4005DFDA7 /* VolunCode.app */;
			productType = "com.apple.product-type.application";
		};
		AB3CC8731A9BDDB4005DFDA7 /* VolunCodeTests */ = {
			isa = PBXNativeTarget;
			buildConfigurationList = AB3CC8811A9BDDB4005DFDA7 /* Build configuration list for PBXNativeTarget "VolunCodeTests" */;
			buildPhases = (
				AB3CC8701A9BDDB4005DFDA7 /* Sources */,
				AB3CC8711A9BDDB4005DFDA7 /* Frameworks */,
				AB3CC8721A9BDDB4005DFDA7 /* Resources */,
			);
			buildRules = (
			);
			dependencies = (
				AB3CC8761A9BDDB4005DFDA7 /* PBXTargetDependency */,
			);
			name = VolunCodeTests;
			productName = VolunCodeTests;
			productReference = AB3CC8741A9BDDB4005DFDA7 /* VolunCodeTests.xctest */;
			productType = "com.apple.product-type.bundle.unit-test";
		};
/* End PBXNativeTarget section */

/* Begin PBXProject section */
		AB3CC8501A9BDDB4005DFDA7 /* Project object */ = {
			isa = PBXProject;
			attributes = {
				LastUpgradeCheck = 0610;
				ORGANIZATIONNAME = "Clint Akins";
				TargetAttributes = {
					AB3CC8571A9BDDB4005DFDA7 = {
						CreatedOnToolsVersion = 6.1.1;
					};
					AB3CC8731A9BDDB4005DFDA7 = {
						CreatedOnToolsVersion = 6.1.1;
						TestTargetID = AB3CC8571A9BDDB4005DFDA7;
					};
				};
			};
			buildConfigurationList = AB3CC8531A9BDDB4005DFDA7 /* Build configuration list for PBXProject "VolunCode" */;
			compatibilityVersion = "Xcode 3.2";
			developmentRegion = English;
			hasScannedForEncodings = 0;
			knownRegions = (
				en,
				Base,
			);
			mainGroup = AB3CC84F1A9BDDB4005DFDA7;
			productRefGroup = AB3CC8591A9BDDB4005DFDA7 /* Products */;
			projectDirPath = "";
			projectRoot = "";
			targets = (
				AB3CC8571A9BDDB4005DFDA7 /* VolunCode */,
				AB3CC8731A9BDDB4005DFDA7 /* VolunCodeTests */,
			);
		};
/* End PBXProject section */

/* Begin PBXResourcesBuildPhase section */
		AB3CC8561A9BDDB4005DFDA7 /* Resources */ = {
			isa = PBXResourcesBuildPhase;
			buildActionMask = 2147483647;
			files = (
				AB3CC86F1A9BDDB4005DFDA7 /* LaunchScreen.xib in Resources */,
				AB3CC86C1A9BDDB4005DFDA7 /* Images.xcassets in Resources */,
				AB28B0051A9D165F00D86AF6 /* seed.json in Resources */,
				AB28B0101A9D266D00D86AF6 /* testSeed.json in Resources */,
				AB3CC8871A9BDF52005DFDA7 /* Main.storyboard in Resources */,
			);
			runOnlyForDeploymentPostprocessing = 0;
		};
		AB3CC8721A9BDDB4005DFDA7 /* Resources */ = {
			isa = PBXResourcesBuildPhase;
			buildActionMask = 2147483647;
			files = (
			);
			runOnlyForDeploymentPostprocessing = 0;
		};
/* End PBXResourcesBuildPhase section */

/* Begin PBXSourcesBuildPhase section */
		AB3CC8541A9BDDB4005DFDA7 /* Sources */ = {
			isa = PBXSourcesBuildPhase;
			buildActionMask = 2147483647;
			files = (
				AB6FF9C71A9CFD4A0044E442 /* VolunteerProject.m in Sources */,
				AB6FF9C41A9CFCF20044E442 /* VolunCode.xcdatamodel in Sources */,
				AB28B0081A9D1C4900D86AF6 /* Organization.m in Sources */,
				AB3CC88A1A9BE036005DFDA7 /* UserProfileViewController.m in Sources */,
				79AA943A1A9CFFAF002C6177 /* OrganizationSignUpTableViewController.m in Sources */,
				AB3CC8611A9BDDB4005DFDA7 /* AppDelegate.m in Sources */,
				AB6FF9D01A9CFD4B0044E442 /* Cause.m in Sources */,
				AB6FF9DC1A9CFD4B0044E442 /* Messenge.m in Sources */,
				AB6FF9D91A9CFD4B0044E442 /* Skill.m in Sources */,
				AB464D6C1A9C23D00006075B /* SkillsViewController.m in Sources */,
				AB3CC85E1A9BDDB4005DFDA7 /* main.m in Sources */,
				AB28B00E1A9D1F6C00D86AF6 /* FetchService.m in Sources */,
				AB3CC8671A9BDDB4005DFDA7 /* LoginViewController.m in Sources */,
				AB3CC88D1A9BE097005DFDA7 /* UserDetailViewController.m in Sources */,
				AB6FF9E51A9D039C0044E442 /* CoreDataStack.m in Sources */,
				AB28B00B1A9D1C4900D86AF6 /* Login.m in Sources */,
				AB464D691A9C23B10006075B /* CausesViewController.m in Sources */,
				9C9525791A9C439100FF9174 /* MMPickerView.m in Sources */,
				AB464D6F1A9C23E30006075B /* EventsViewController.m in Sources */,
				9C9525761A9C432500FF9174 /* OrganizationProfileViewController.m in Sources */,
			);
			runOnlyForDeploymentPostprocessing = 0;
		};
		AB3CC8701A9BDDB4005DFDA7 /* Sources */ = {
			isa = PBXSourcesBuildPhase;
			buildActionMask = 2147483647;
			files = (
				AB3CC87B1A9BDDB4005DFDA7 /* VolunCodeTests.m in Sources */,
			);
			runOnlyForDeploymentPostprocessing = 0;
		};
/* End PBXSourcesBuildPhase section */

/* Begin PBXTargetDependency section */
		AB3CC8761A9BDDB4005DFDA7 /* PBXTargetDependency */ = {
			isa = PBXTargetDependency;
			target = AB3CC8571A9BDDB4005DFDA7 /* VolunCode */;
			targetProxy = AB3CC8751A9BDDB4005DFDA7 /* PBXContainerItemProxy */;
		};
/* End PBXTargetDependency section */

/* Begin PBXVariantGroup section */
		AB3CC86D1A9BDDB4005DFDA7 /* LaunchScreen.xib */ = {
			isa = PBXVariantGroup;
			children = (
				AB3CC86E1A9BDDB4005DFDA7 /* Base */,
			);
			name = LaunchScreen.xib;
			sourceTree = "<group>";
		};
/* End PBXVariantGroup section */

/* Begin XCBuildConfiguration section */
		AB3CC87C1A9BDDB4005DFDA7 /* Debug */ = {
			isa = XCBuildConfiguration;
			buildSettings = {
				ALWAYS_SEARCH_USER_PATHS = NO;
				CLANG_CXX_LANGUAGE_STANDARD = "gnu++0x";
				CLANG_CXX_LIBRARY = "libc++";
				CLANG_ENABLE_MODULES = YES;
				CLANG_ENABLE_OBJC_ARC = YES;
				CLANG_WARN_BOOL_CONVERSION = YES;
				CLANG_WARN_CONSTANT_CONVERSION = YES;
				CLANG_WARN_DIRECT_OBJC_ISA_USAGE = YES_ERROR;
				CLANG_WARN_EMPTY_BODY = YES;
				CLANG_WARN_ENUM_CONVERSION = YES;
				CLANG_WARN_INT_CONVERSION = YES;
				CLANG_WARN_OBJC_ROOT_CLASS = YES_ERROR;
				CLANG_WARN_UNREACHABLE_CODE = YES;
				CLANG_WARN__DUPLICATE_METHOD_MATCH = YES;
				"CODE_SIGN_IDENTITY[sdk=iphoneos*]" = "iPhone Developer";
				COPY_PHASE_STRIP = NO;
				ENABLE_STRICT_OBJC_MSGSEND = YES;
				GCC_C_LANGUAGE_STANDARD = gnu99;
				GCC_DYNAMIC_NO_PIC = NO;
				GCC_OPTIMIZATION_LEVEL = 0;
				GCC_PREPROCESSOR_DEFINITIONS = (
					"DEBUG=1",
					"$(inherited)",
				);
				GCC_SYMBOLS_PRIVATE_EXTERN = NO;
				GCC_WARN_64_TO_32_BIT_CONVERSION = YES;
				GCC_WARN_ABOUT_RETURN_TYPE = YES_ERROR;
				GCC_WARN_UNDECLARED_SELECTOR = YES;
				GCC_WARN_UNINITIALIZED_AUTOS = YES_AGGRESSIVE;
				GCC_WARN_UNUSED_FUNCTION = YES;
				GCC_WARN_UNUSED_VARIABLE = YES;
				IPHONEOS_DEPLOYMENT_TARGET = 8.1;
				MTL_ENABLE_DEBUG_INFO = YES;
				ONLY_ACTIVE_ARCH = YES;
				SDKROOT = iphoneos;
				TARGETED_DEVICE_FAMILY = "1,2";
			};
			name = Debug;
		};
		AB3CC87D1A9BDDB4005DFDA7 /* Release */ = {
			isa = XCBuildConfiguration;
			buildSettings = {
				ALWAYS_SEARCH_USER_PATHS = NO;
				CLANG_CXX_LANGUAGE_STANDARD = "gnu++0x";
				CLANG_CXX_LIBRARY = "libc++";
				CLANG_ENABLE_MODULES = YES;
				CLANG_ENABLE_OBJC_ARC = YES;
				CLANG_WARN_BOOL_CONVERSION = YES;
				CLANG_WARN_CONSTANT_CONVERSION = YES;
				CLANG_WARN_DIRECT_OBJC_ISA_USAGE = YES_ERROR;
				CLANG_WARN_EMPTY_BODY = YES;
				CLANG_WARN_ENUM_CONVERSION = YES;
				CLANG_WARN_INT_CONVERSION = YES;
				CLANG_WARN_OBJC_ROOT_CLASS = YES_ERROR;
				CLANG_WARN_UNREACHABLE_CODE = YES;
				CLANG_WARN__DUPLICATE_METHOD_MATCH = YES;
				"CODE_SIGN_IDENTITY[sdk=iphoneos*]" = "iPhone Developer";
				COPY_PHASE_STRIP = YES;
				ENABLE_NS_ASSERTIONS = NO;
				ENABLE_STRICT_OBJC_MSGSEND = YES;
				GCC_C_LANGUAGE_STANDARD = gnu99;
				GCC_WARN_64_TO_32_BIT_CONVERSION = YES;
				GCC_WARN_ABOUT_RETURN_TYPE = YES_ERROR;
				GCC_WARN_UNDECLARED_SELECTOR = YES;
				GCC_WARN_UNINITIALIZED_AUTOS = YES_AGGRESSIVE;
				GCC_WARN_UNUSED_FUNCTION = YES;
				GCC_WARN_UNUSED_VARIABLE = YES;
				IPHONEOS_DEPLOYMENT_TARGET = 8.1;
				MTL_ENABLE_DEBUG_INFO = NO;
				SDKROOT = iphoneos;
				TARGETED_DEVICE_FAMILY = "1,2";
				VALIDATE_PRODUCT = YES;
			};
			name = Release;
		};
		AB3CC87F1A9BDDB4005DFDA7 /* Debug */ = {
			isa = XCBuildConfiguration;
			buildSettings = {
				ASSETCATALOG_COMPILER_APPICON_NAME = AppIcon;
				INFOPLIST_FILE = VolunCode/Info.plist;
				LD_RUNPATH_SEARCH_PATHS = "$(inherited) @executable_path/Frameworks";
				PRODUCT_NAME = "$(TARGET_NAME)";
			};
			name = Debug;
		};
		AB3CC8801A9BDDB4005DFDA7 /* Release */ = {
			isa = XCBuildConfiguration;
			buildSettings = {
				ASSETCATALOG_COMPILER_APPICON_NAME = AppIcon;
				INFOPLIST_FILE = VolunCode/Info.plist;
				LD_RUNPATH_SEARCH_PATHS = "$(inherited) @executable_path/Frameworks";
				PRODUCT_NAME = "$(TARGET_NAME)";
			};
			name = Release;
		};
		AB3CC8821A9BDDB4005DFDA7 /* Debug */ = {
			isa = XCBuildConfiguration;
			buildSettings = {
				BUNDLE_LOADER = "$(TEST_HOST)";
				FRAMEWORK_SEARCH_PATHS = (
					"$(SDKROOT)/Developer/Library/Frameworks",
					"$(inherited)",
				);
				GCC_PREPROCESSOR_DEFINITIONS = (
					"DEBUG=1",
					"$(inherited)",
				);
				INFOPLIST_FILE = VolunCodeTests/Info.plist;
				LD_RUNPATH_SEARCH_PATHS = "$(inherited) @executable_path/Frameworks @loader_path/Frameworks";
				PRODUCT_NAME = "$(TARGET_NAME)";
				TEST_HOST = "$(BUILT_PRODUCTS_DIR)/VolunCode.app/VolunCode";
			};
			name = Debug;
		};
		AB3CC8831A9BDDB4005DFDA7 /* Release */ = {
			isa = XCBuildConfiguration;
			buildSettings = {
				BUNDLE_LOADER = "$(TEST_HOST)";
				FRAMEWORK_SEARCH_PATHS = (
					"$(SDKROOT)/Developer/Library/Frameworks",
					"$(inherited)",
				);
				INFOPLIST_FILE = VolunCodeTests/Info.plist;
				LD_RUNPATH_SEARCH_PATHS = "$(inherited) @executable_path/Frameworks @loader_path/Frameworks";
				PRODUCT_NAME = "$(TARGET_NAME)";
				TEST_HOST = "$(BUILT_PRODUCTS_DIR)/VolunCode.app/VolunCode";
			};
			name = Release;
		};
/* End XCBuildConfiguration section */

/* Begin XCConfigurationList section */
		AB3CC8531A9BDDB4005DFDA7 /* Build configuration list for PBXProject "VolunCode" */ = {
			isa = XCConfigurationList;
			buildConfigurations = (
				AB3CC87C1A9BDDB4005DFDA7 /* Debug */,
				AB3CC87D1A9BDDB4005DFDA7 /* Release */,
			);
			defaultConfigurationIsVisible = 0;
			defaultConfigurationName = Release;
		};
		AB3CC87E1A9BDDB4005DFDA7 /* Build configuration list for PBXNativeTarget "VolunCode" */ = {
			isa = XCConfigurationList;
			buildConfigurations = (
				AB3CC87F1A9BDDB4005DFDA7 /* Debug */,
				AB3CC8801A9BDDB4005DFDA7 /* Release */,
			);
			defaultConfigurationIsVisible = 0;
			defaultConfigurationName = Release;
		};
		AB3CC8811A9BDDB4005DFDA7 /* Build configuration list for PBXNativeTarget "VolunCodeTests" */ = {
			isa = XCConfigurationList;
			buildConfigurations = (
				AB3CC8821A9BDDB4005DFDA7 /* Debug */,
				AB3CC8831A9BDDB4005DFDA7 /* Release */,
			);
			defaultConfigurationIsVisible = 0;
			defaultConfigurationName = Release;
		};
/* End XCConfigurationList section */
	};
	rootObject = AB3CC8501A9BDDB4005DFDA7 /* Project object */;
}
